
Microsoft Visual Studio Solution File, Format Version 12.00
# Visual Studio Version 17
VisualStudioVersion = 17.9.34607.119
MinimumVisualStudioVersion = 10.0.40219.1
Project("{8BC9CEB8-8B4A-11D0-8D11-00A0C91BC942}") = "Write_Test_Results_To_A_File", "Write_Test_Results_To_A_File\Write_Test_Results_To_A_File.vcxproj", "{FEEBF4F2-0627-491A-9697-AE433DED759A}"
EndProject
Global
	GlobalSection(SolutionConfigurationPlatforms) = preSolution
		Debug|x64 = Debug|x64
		Debug|x86 = Debug|x86
		Release|x64 = Release|x64
		Release|x86 = Release|x86
	EndGlobalSection
	GlobalSection(ProjectConfigurationPlatforms) = postSolution
		{FEEBF4F2-0627-491A-9697-AE433DED759A}.Debug|x64.ActiveCfg = Debug|x64
		{FEEBF4F2-0627-491A-9697-AE433DED759A}.Debug|x64.Build.0 = Debug|x64
		{FEEBF4F2-0627-491A-9697-AE433DED759A}.Debug|x86.ActiveCfg = Debug|Win32
		{FEEBF4F2-0627-491A-9697-AE433DED759A}.Debug|x86.Build.0 = Debug|Win32
		{FEEBF4F2-0627-491A-9697-AE433DED759A}.Release|x64.ActiveCfg = Release|x64
		{FEEBF4F2-0627-491A-9697-AE433DED759A}.Release|x64.Build.0 = Release|x64
		{FEEBF4F2-0627-491A-9697-AE433DED759A}.Release|x86.ActiveCfg = Release|Win32
		{FEEBF4F2-0627-491A-9697-AE433DED759A}.Release|x86.Build.0 = Release|Win32
	EndGlobalSection
	GlobalSection(SolutionProperties) = preSolution
		HideSolutionNode = FALSE
	EndGlobalSection
	GlobalSection(ExtensibilityGlobals) = postSolution
		SolutionGuid = {9C1FA66E-9E4F-482D-A7B9-AE8627748B34}
	EndGlobalSection
EndGlobal
